// !$*UTF8*$!
{
	archiveVersion = 1;
	classes = {
	};
	objectVersion = 51;
	objects = {

/* Begin PBXBuildFile section */
		4215FFE62454C901009C5336 /* LoginViewController.swift in Sources */ = {isa = PBXBuildFile; fileRef = 4215FFE52454C901009C5336 /* LoginViewController.swift */; };
		426DEF3D24475EB50048EF49 /* AppDelegate.swift in Sources */ = {isa = PBXBuildFile; fileRef = 426DEF3C24475EB50048EF49 /* AppDelegate.swift */; };
		426DEF3F24475EB50048EF49 /* SceneDelegate.swift in Sources */ = {isa = PBXBuildFile; fileRef = 426DEF3E24475EB50048EF49 /* SceneDelegate.swift */; };
		426DEF4324475EBB0048EF49 /* Assets.xcassets in Resources */ = {isa = PBXBuildFile; fileRef = 426DEF4224475EBB0048EF49 /* Assets.xcassets */; };
		426DEF4624475EBB0048EF49 /* Preview Assets.xcassets in Resources */ = {isa = PBXBuildFile; fileRef = 426DEF4524475EBB0048EF49 /* Preview Assets.xcassets */; };
		426DEF4924475EBB0048EF49 /* LaunchScreen.storyboard in Resources */ = {isa = PBXBuildFile; fileRef = 426DEF4724475EBB0048EF49 /* LaunchScreen.storyboard */; };
		4286273E2447637700534988 /* GoogleService-Info.plist in Resources */ = {isa = PBXBuildFile; fileRef = 4286273D2447637700534988 /* GoogleService-Info.plist */; };
		5633336F2455072A00CB72A1 /* LoginPresenter.swift in Sources */ = {isa = PBXBuildFile; fileRef = 5633336E2455072A00CB72A1 /* LoginPresenter.swift */; };
		5664DF8A245993F800797E30 /* Assembler.swift in Sources */ = {isa = PBXBuildFile; fileRef = 5664DF89245993F800797E30 /* Assembler.swift */; };
		5664DF8D2459941900797E30 /* EnvironmentAssembly.swift in Sources */ = {isa = PBXBuildFile; fileRef = 5664DF8C2459941900797E30 /* EnvironmentAssembly.swift */; };
		5664DF8F2459984900797E30 /* LocationAssembly.swift in Sources */ = {isa = PBXBuildFile; fileRef = 5664DF8E2459984900797E30 /* LocationAssembly.swift */; };
		5664DF912459988A00797E30 /* AccountAssembly.swift in Sources */ = {isa = PBXBuildFile; fileRef = 5664DF902459988A00797E30 /* AccountAssembly.swift */; };
		567157562465EA3200C9BC0D /* NetworkAssembly.swift in Sources */ = {isa = PBXBuildFile; fileRef = 567157552465EA3200C9BC0D /* NetworkAssembly.swift */; };
		56A2327A248EA60B00AC48BF /* CurrentLocationView.swift in Sources */ = {isa = PBXBuildFile; fileRef = 56A23260248EA60B00AC48BF /* CurrentLocationView.swift */; };
		56A2327B248EA60B00AC48BF /* EventsRow.swift in Sources */ = {isa = PBXBuildFile; fileRef = 56A23262248EA60B00AC48BF /* EventsRow.swift */; };
		56A2327C248EA60B00AC48BF /* EventsView.swift in Sources */ = {isa = PBXBuildFile; fileRef = 56A23263248EA60B00AC48BF /* EventsView.swift */; };
		56A2327D248EA60B00AC48BF /* MultiselectView.swift in Sources */ = {isa = PBXBuildFile; fileRef = 56A23266248EA60B00AC48BF /* MultiselectView.swift */; };
		56A2327E248EA60B00AC48BF /* Extensions.swift in Sources */ = {isa = PBXBuildFile; fileRef = 56A23267248EA60B00AC48BF /* Extensions.swift */; };
		56A2327F248EA60B00AC48BF /* Selectable.swift in Sources */ = {isa = PBXBuildFile; fileRef = 56A23268248EA60B00AC48BF /* Selectable.swift */; };
		56A23280248EA60B00AC48BF /* RemoteImage.swift in Sources */ = {isa = PBXBuildFile; fileRef = 56A23269248EA60B00AC48BF /* RemoteImage.swift */; };
		56A23281248EA60B00AC48BF /* MainView.swift in Sources */ = {isa = PBXBuildFile; fileRef = 56A2326A248EA60B00AC48BF /* MainView.swift */; };
		56A23282248EA60B00AC48BF /* UserDetailsView.swift in Sources */ = {isa = PBXBuildFile; fileRef = 56A2326C248EA60B00AC48BF /* UserDetailsView.swift */; };
		56A23283248EA60B00AC48BF /* AccountView.swift in Sources */ = {isa = PBXBuildFile; fileRef = 56A2326D248EA60B00AC48BF /* AccountView.swift */; };
		56A23284248EA60B00AC48BF /* AdjustWindowView.swift in Sources */ = {isa = PBXBuildFile; fileRef = 56A2326F248EA60B00AC48BF /* AdjustWindowView.swift */; };
		56A23285248EA60B00AC48BF /* SelectWindowView.swift in Sources */ = {isa = PBXBuildFile; fileRef = 56A23270248EA60B00AC48BF /* SelectWindowView.swift */; };
		56A23286248EA60B00AC48BF /* SelectParticipantsView.swift in Sources */ = {isa = PBXBuildFile; fileRef = 56A23271248EA60B00AC48BF /* SelectParticipantsView.swift */; };
		56A23287248EA60B00AC48BF /* SelectWindowViewModel.swift in Sources */ = {isa = PBXBuildFile; fileRef = 56A23273248EA60B00AC48BF /* SelectWindowViewModel.swift */; };
		56A23288248EA60B00AC48BF /* AdjustWindowViewModel.swift in Sources */ = {isa = PBXBuildFile; fileRef = 56A23274248EA60B00AC48BF /* AdjustWindowViewModel.swift */; };
		56A23289248EA60B00AC48BF /* UserDetailsViewModel.swift in Sources */ = {isa = PBXBuildFile; fileRef = 56A23275248EA60B00AC48BF /* UserDetailsViewModel.swift */; };
		56A2328A248EA60B00AC48BF /* AccountViewModel.swift in Sources */ = {isa = PBXBuildFile; fileRef = 56A23276248EA60B00AC48BF /* AccountViewModel.swift */; };
		56A2328B248EA60B00AC48BF /* CurrentLocationViewModel.swift in Sources */ = {isa = PBXBuildFile; fileRef = 56A23277248EA60B00AC48BF /* CurrentLocationViewModel.swift */; };
		56A2328C248EA60B00AC48BF /* SelectParticipantsViewModel.swift in Sources */ = {isa = PBXBuildFile; fileRef = 56A23278248EA60B00AC48BF /* SelectParticipantsViewModel.swift */; };
		56A2328D248EA60B00AC48BF /* EventsListViewModel.swift in Sources */ = {isa = PBXBuildFile; fileRef = 56A23279248EA60B00AC48BF /* EventsListViewModel.swift */; };
		56A232B4248EA62E00AC48BF /* LocationUploader.swift in Sources */ = {isa = PBXBuildFile; fileRef = 56A23290248EA62E00AC48BF /* LocationUploader.swift */; };
		56A232B5248EA62E00AC48BF /* Localizer.swift in Sources */ = {isa = PBXBuildFile; fileRef = 56A23291248EA62E00AC48BF /* Localizer.swift */; };
		56A232B6248EA62E00AC48BF /* FetchContactsNetTask.swift in Sources */ = {isa = PBXBuildFile; fileRef = 56A23294248EA62E00AC48BF /* FetchContactsNetTask.swift */; };
		56A232B7248EA62E00AC48BF /* FetchContactsNetTaskFactory.swift in Sources */ = {isa = PBXBuildFile; fileRef = 56A23295248EA62E00AC48BF /* FetchContactsNetTaskFactory.swift */; };
		56A232B8248EA62E00AC48BF /* FetchEventsNetTask.swift in Sources */ = {isa = PBXBuildFile; fileRef = 56A23297248EA62E00AC48BF /* FetchEventsNetTask.swift */; };
		56A232B9248EA62E00AC48BF /* MeetingPointNetTaskFactory.swift in Sources */ = {isa = PBXBuildFile; fileRef = 56A23299248EA62E00AC48BF /* MeetingPointNetTaskFactory.swift */; };
		56A232BA248EA62E00AC48BF /* MeetingPointNetTask.swift in Sources */ = {isa = PBXBuildFile; fileRef = 56A2329A248EA62E00AC48BF /* MeetingPointNetTask.swift */; };
		56A232BB248EA62E00AC48BF /* SendAuthenticationCodeNetTask.swift in Sources */ = {isa = PBXBuildFile; fileRef = 56A2329C248EA62E00AC48BF /* SendAuthenticationCodeNetTask.swift */; };
		56A232BC248EA62E00AC48BF /* SendAuthenticationCodeNetTaskFactory.swift in Sources */ = {isa = PBXBuildFile; fileRef = 56A2329D248EA62E00AC48BF /* SendAuthenticationCodeNetTaskFactory.swift */; };
		56A232BD248EA62E00AC48BF /* ProposeMeetingDateNetTask.swift in Sources */ = {isa = PBXBuildFile; fileRef = 56A2329F248EA62E00AC48BF /* ProposeMeetingDateNetTask.swift */; };
		56A232BE248EA62E00AC48BF /* ProposeMeetingDateNetTaskFactory.swift in Sources */ = {isa = PBXBuildFile; fileRef = 56A232A0248EA62E00AC48BF /* ProposeMeetingDateNetTaskFactory.swift */; };
		56A232BF248EA62E00AC48BF /* NetTask.swift in Sources */ = {isa = PBXBuildFile; fileRef = 56A232A2248EA62E00AC48BF /* NetTask.swift */; };
		56A232C0248EA62E00AC48BF /* NetTaskFactory.swift in Sources */ = {isa = PBXBuildFile; fileRef = 56A232A3248EA62E00AC48BF /* NetTaskFactory.swift */; };
		56A232C1248EA62E00AC48BF /* CreateMeetingNetTask.swift in Sources */ = {isa = PBXBuildFile; fileRef = 56A232A5248EA62E00AC48BF /* CreateMeetingNetTask.swift */; };
		56A232C2248EA62E00AC48BF /* CreateMeetingNetTaskFactory.swift in Sources */ = {isa = PBXBuildFile; fileRef = 56A232A6248EA62E00AC48BF /* CreateMeetingNetTaskFactory.swift */; };
		56A232C3248EA62E00AC48BF /* NotificationManager.swift in Sources */ = {isa = PBXBuildFile; fileRef = 56A232A7248EA62E00AC48BF /* NotificationManager.swift */; };
		56A232C4248EA62E00AC48BF /* Place.swift in Sources */ = {isa = PBXBuildFile; fileRef = 56A232A9248EA62E00AC48BF /* Place.swift */; };
		56A232C5248EA62E00AC48BF /* Window.swift in Sources */ = {isa = PBXBuildFile; fileRef = 56A232AA248EA62E00AC48BF /* Window.swift */; };
		56A232C6248EA62E00AC48BF /* PropertyListDecodable.swift in Sources */ = {isa = PBXBuildFile; fileRef = 56A232AC248EA62E00AC48BF /* PropertyListDecodable.swift */; };
		56A232C7248EA62E00AC48BF /* Environment.swift in Sources */ = {isa = PBXBuildFile; fileRef = 56A232AD248EA62E00AC48BF /* Environment.swift */; };
		56A232C8248EA62E00AC48BF /* UserInfo.swift in Sources */ = {isa = PBXBuildFile; fileRef = 56A232AF248EA62E00AC48BF /* UserInfo.swift */; };
		56A232C9248EA62E00AC48BF /* AccountManageable.swift in Sources */ = {isa = PBXBuildFile; fileRef = 56A232B0248EA62E00AC48BF /* AccountManageable.swift */; };
		56A232CA248EA62E00AC48BF /* AccountManager.swift in Sources */ = {isa = PBXBuildFile; fileRef = 56A232B1248EA62E00AC48BF /* AccountManager.swift */; };
		56A232CB248EA62E00AC48BF /* Event.swift in Sources */ = {isa = PBXBuildFile; fileRef = 56A232B3248EA62E00AC48BF /* Event.swift */; };
		56A232D2248EA64300AC48BF /* Date.swift in Sources */ = {isa = PBXBuildFile; fileRef = 56A232CD248EA64300AC48BF /* Date.swift */; };
		56A232D3248EA64300AC48BF /* NSDictionary.swift in Sources */ = {isa = PBXBuildFile; fileRef = 56A232CE248EA64300AC48BF /* NSDictionary.swift */; };
		56A232D4248EA64300AC48BF /* UIColor.swift in Sources */ = {isa = PBXBuildFile; fileRef = 56A232CF248EA64300AC48BF /* UIColor.swift */; };
		56A232D5248EA64300AC48BF /* DateFormatter.swift in Sources */ = {isa = PBXBuildFile; fileRef = 56A232D0248EA64300AC48BF /* DateFormatter.swift */; };
		56A232D6248EA64300AC48BF /* Color.swift in Sources */ = {isa = PBXBuildFile; fileRef = 56A232D1248EA64300AC48BF /* Color.swift */; };
		56A232DA248EAC5A00AC48BF /* MapView.swift in Sources */ = {isa = PBXBuildFile; fileRef = 56A232D9248EAC5A00AC48BF /* MapView.swift */; };
		56A232DD248FAFFE00AC48BF /* WindowRowView.swift in Sources */ = {isa = PBXBuildFile; fileRef = 56A232DC248FAFFE00AC48BF /* WindowRowView.swift */; };
		56A232DF248FC8D300AC48BF /* URLRequest.swift in Sources */ = {isa = PBXBuildFile; fileRef = 56A232DE248FC8D300AC48BF /* URLRequest.swift */; };
		56C4A74D245482200026FC1A /* Podfile in Resources */ = {isa = PBXBuildFile; fileRef = 56C4A74C245482200026FC1A /* Podfile */; };
		6658EB91F553E6E0E9C04332 /* Pods_Steve.framework in Frameworks */ = {isa = PBXBuildFile; fileRef = 3FCDB43A5AA773581747E6A2 /* Pods_Steve.framework */; };
/* End PBXBuildFile section */

/* Begin PBXFileReference section */
		1926E473CE4BA6F5B8D57D5D /* Pods-Steve.release.xcconfig */ = {isa = PBXFileReference; includeInIndex = 1; lastKnownFileType = text.xcconfig; name = "Pods-Steve.release.xcconfig"; path = "Target Support Files/Pods-Steve/Pods-Steve.release.xcconfig"; sourceTree = "<group>"; };
		3FCDB43A5AA773581747E6A2 /* Pods_Steve.framework */ = {isa = PBXFileReference; explicitFileType = wrapper.framework; includeInIndex = 0; path = Pods_Steve.framework; sourceTree = BUILT_PRODUCTS_DIR; };
		4215FFE52454C901009C5336 /* LoginViewController.swift */ = {isa = PBXFileReference; lastKnownFileType = sourcecode.swift; path = LoginViewController.swift; sourceTree = "<group>"; };
		426DEF3924475EB50048EF49 /* Steve.app */ = {isa = PBXFileReference; explicitFileType = wrapper.application; includeInIndex = 0; path = Steve.app; sourceTree = BUILT_PRODUCTS_DIR; };
		426DEF3C24475EB50048EF49 /* AppDelegate.swift */ = {isa = PBXFileReference; lastKnownFileType = sourcecode.swift; path = AppDelegate.swift; sourceTree = "<group>"; };
		426DEF3E24475EB50048EF49 /* SceneDelegate.swift */ = {isa = PBXFileReference; lastKnownFileType = sourcecode.swift; path = SceneDelegate.swift; sourceTree = "<group>"; };
		426DEF4224475EBB0048EF49 /* Assets.xcassets */ = {isa = PBXFileReference; lastKnownFileType = folder.assetcatalog; path = Assets.xcassets; sourceTree = "<group>"; };
		426DEF4524475EBB0048EF49 /* Preview Assets.xcassets */ = {isa = PBXFileReference; lastKnownFileType = folder.assetcatalog; path = "Preview Assets.xcassets"; sourceTree = "<group>"; };
		426DEF4824475EBB0048EF49 /* Base */ = {isa = PBXFileReference; lastKnownFileType = file.storyboard; name = Base; path = Base.lproj/LaunchScreen.storyboard; sourceTree = "<group>"; };
		426DEF4A24475EBB0048EF49 /* Info.plist */ = {isa = PBXFileReference; lastKnownFileType = text.plist.xml; path = Info.plist; sourceTree = "<group>"; };
		4286273D2447637700534988 /* GoogleService-Info.plist */ = {isa = PBXFileReference; fileEncoding = 4; lastKnownFileType = text.plist.xml; path = "GoogleService-Info.plist"; sourceTree = "<group>"; };
		4286273F244778E800534988 /* Steve.entitlements */ = {isa = PBXFileReference; lastKnownFileType = text.plist.entitlements; path = Steve.entitlements; sourceTree = "<group>"; };
		55E88DE4097AA4747BBDE861 /* Pods-Steve.debug.xcconfig */ = {isa = PBXFileReference; includeInIndex = 1; lastKnownFileType = text.xcconfig; name = "Pods-Steve.debug.xcconfig"; path = "Target Support Files/Pods-Steve/Pods-Steve.debug.xcconfig"; sourceTree = "<group>"; };
		5633336E2455072A00CB72A1 /* LoginPresenter.swift */ = {isa = PBXFileReference; lastKnownFileType = sourcecode.swift; path = LoginPresenter.swift; sourceTree = "<group>"; };
		5664DF89245993F800797E30 /* Assembler.swift */ = {isa = PBXFileReference; lastKnownFileType = sourcecode.swift; path = Assembler.swift; sourceTree = "<group>"; };
		5664DF8C2459941900797E30 /* EnvironmentAssembly.swift */ = {isa = PBXFileReference; lastKnownFileType = sourcecode.swift; path = EnvironmentAssembly.swift; sourceTree = "<group>"; };
		5664DF8E2459984900797E30 /* LocationAssembly.swift */ = {isa = PBXFileReference; lastKnownFileType = sourcecode.swift; path = LocationAssembly.swift; sourceTree = "<group>"; };
		5664DF902459988A00797E30 /* AccountAssembly.swift */ = {isa = PBXFileReference; lastKnownFileType = sourcecode.swift; path = AccountAssembly.swift; sourceTree = "<group>"; };
		567157552465EA3200C9BC0D /* NetworkAssembly.swift */ = {isa = PBXFileReference; lastKnownFileType = sourcecode.swift; path = NetworkAssembly.swift; sourceTree = "<group>"; };
		56A23260248EA60B00AC48BF /* CurrentLocationView.swift */ = {isa = PBXFileReference; fileEncoding = 4; lastKnownFileType = sourcecode.swift; path = CurrentLocationView.swift; sourceTree = "<group>"; };
		56A23262248EA60B00AC48BF /* EventsRow.swift */ = {isa = PBXFileReference; fileEncoding = 4; lastKnownFileType = sourcecode.swift; path = EventsRow.swift; sourceTree = "<group>"; };
		56A23263248EA60B00AC48BF /* EventsView.swift */ = {isa = PBXFileReference; fileEncoding = 4; lastKnownFileType = sourcecode.swift; path = EventsView.swift; sourceTree = "<group>"; };
		56A23266248EA60B00AC48BF /* MultiselectView.swift */ = {isa = PBXFileReference; fileEncoding = 4; lastKnownFileType = sourcecode.swift; path = MultiselectView.swift; sourceTree = "<group>"; };
		56A23267248EA60B00AC48BF /* Extensions.swift */ = {isa = PBXFileReference; fileEncoding = 4; lastKnownFileType = sourcecode.swift; path = Extensions.swift; sourceTree = "<group>"; };
		56A23268248EA60B00AC48BF /* Selectable.swift */ = {isa = PBXFileReference; fileEncoding = 4; lastKnownFileType = sourcecode.swift; path = Selectable.swift; sourceTree = "<group>"; };
		56A23269248EA60B00AC48BF /* RemoteImage.swift */ = {isa = PBXFileReference; fileEncoding = 4; lastKnownFileType = sourcecode.swift; path = RemoteImage.swift; sourceTree = "<group>"; };
		56A2326A248EA60B00AC48BF /* MainView.swift */ = {isa = PBXFileReference; fileEncoding = 4; lastKnownFileType = sourcecode.swift; path = MainView.swift; sourceTree = "<group>"; };
		56A2326C248EA60B00AC48BF /* UserDetailsView.swift */ = {isa = PBXFileReference; fileEncoding = 4; lastKnownFileType = sourcecode.swift; path = UserDetailsView.swift; sourceTree = "<group>"; };
		56A2326D248EA60B00AC48BF /* AccountView.swift */ = {isa = PBXFileReference; fileEncoding = 4; lastKnownFileType = sourcecode.swift; path = AccountView.swift; sourceTree = "<group>"; };
		56A2326F248EA60B00AC48BF /* AdjustWindowView.swift */ = {isa = PBXFileReference; fileEncoding = 4; lastKnownFileType = sourcecode.swift; path = AdjustWindowView.swift; sourceTree = "<group>"; };
		56A23270248EA60B00AC48BF /* SelectWindowView.swift */ = {isa = PBXFileReference; fileEncoding = 4; lastKnownFileType = sourcecode.swift; path = SelectWindowView.swift; sourceTree = "<group>"; };
		56A23271248EA60B00AC48BF /* SelectParticipantsView.swift */ = {isa = PBXFileReference; fileEncoding = 4; lastKnownFileType = sourcecode.swift; path = SelectParticipantsView.swift; sourceTree = "<group>"; };
		56A23273248EA60B00AC48BF /* SelectWindowViewModel.swift */ = {isa = PBXFileReference; fileEncoding = 4; lastKnownFileType = sourcecode.swift; path = SelectWindowViewModel.swift; sourceTree = "<group>"; };
		56A23274248EA60B00AC48BF /* AdjustWindowViewModel.swift */ = {isa = PBXFileReference; fileEncoding = 4; lastKnownFileType = sourcecode.swift; path = AdjustWindowViewModel.swift; sourceTree = "<group>"; };
		56A23275248EA60B00AC48BF /* UserDetailsViewModel.swift */ = {isa = PBXFileReference; fileEncoding = 4; lastKnownFileType = sourcecode.swift; path = UserDetailsViewModel.swift; sourceTree = "<group>"; };
		56A23276248EA60B00AC48BF /* AccountViewModel.swift */ = {isa = PBXFileReference; fileEncoding = 4; lastKnownFileType = sourcecode.swift; path = AccountViewModel.swift; sourceTree = "<group>"; };
		56A23277248EA60B00AC48BF /* CurrentLocationViewModel.swift */ = {isa = PBXFileReference; fileEncoding = 4; lastKnownFileType = sourcecode.swift; path = CurrentLocationViewModel.swift; sourceTree = "<group>"; };
		56A23278248EA60B00AC48BF /* SelectParticipantsViewModel.swift */ = {isa = PBXFileReference; fileEncoding = 4; lastKnownFileType = sourcecode.swift; path = SelectParticipantsViewModel.swift; sourceTree = "<group>"; };
		56A23279248EA60B00AC48BF /* EventsListViewModel.swift */ = {isa = PBXFileReference; fileEncoding = 4; lastKnownFileType = sourcecode.swift; path = EventsListViewModel.swift; sourceTree = "<group>"; };
		56A23290248EA62E00AC48BF /* LocationUploader.swift */ = {isa = PBXFileReference; fileEncoding = 4; lastKnownFileType = sourcecode.swift; path = LocationUploader.swift; sourceTree = "<group>"; };
		56A23291248EA62E00AC48BF /* Localizer.swift */ = {isa = PBXFileReference; fileEncoding = 4; lastKnownFileType = sourcecode.swift; path = Localizer.swift; sourceTree = "<group>"; };
		56A23294248EA62E00AC48BF /* FetchContactsNetTask.swift */ = {isa = PBXFileReference; fileEncoding = 4; lastKnownFileType = sourcecode.swift; path = FetchContactsNetTask.swift; sourceTree = "<group>"; };
		56A23295248EA62E00AC48BF /* FetchContactsNetTaskFactory.swift */ = {isa = PBXFileReference; fileEncoding = 4; lastKnownFileType = sourcecode.swift; path = FetchContactsNetTaskFactory.swift; sourceTree = "<group>"; };
		56A23297248EA62E00AC48BF /* FetchEventsNetTask.swift */ = {isa = PBXFileReference; fileEncoding = 4; lastKnownFileType = sourcecode.swift; path = FetchEventsNetTask.swift; sourceTree = "<group>"; };
		56A23299248EA62E00AC48BF /* MeetingPointNetTaskFactory.swift */ = {isa = PBXFileReference; fileEncoding = 4; lastKnownFileType = sourcecode.swift; path = MeetingPointNetTaskFactory.swift; sourceTree = "<group>"; };
		56A2329A248EA62E00AC48BF /* MeetingPointNetTask.swift */ = {isa = PBXFileReference; fileEncoding = 4; lastKnownFileType = sourcecode.swift; path = MeetingPointNetTask.swift; sourceTree = "<group>"; };
		56A2329C248EA62E00AC48BF /* SendAuthenticationCodeNetTask.swift */ = {isa = PBXFileReference; fileEncoding = 4; lastKnownFileType = sourcecode.swift; path = SendAuthenticationCodeNetTask.swift; sourceTree = "<group>"; };
		56A2329D248EA62E00AC48BF /* SendAuthenticationCodeNetTaskFactory.swift */ = {isa = PBXFileReference; fileEncoding = 4; lastKnownFileType = sourcecode.swift; path = SendAuthenticationCodeNetTaskFactory.swift; sourceTree = "<group>"; };
		56A2329F248EA62E00AC48BF /* ProposeMeetingDateNetTask.swift */ = {isa = PBXFileReference; fileEncoding = 4; lastKnownFileType = sourcecode.swift; path = ProposeMeetingDateNetTask.swift; sourceTree = "<group>"; };
		56A232A0248EA62E00AC48BF /* ProposeMeetingDateNetTaskFactory.swift */ = {isa = PBXFileReference; fileEncoding = 4; lastKnownFileType = sourcecode.swift; path = ProposeMeetingDateNetTaskFactory.swift; sourceTree = "<group>"; };
		56A232A2248EA62E00AC48BF /* NetTask.swift */ = {isa = PBXFileReference; fileEncoding = 4; lastKnownFileType = sourcecode.swift; path = NetTask.swift; sourceTree = "<group>"; };
		56A232A3248EA62E00AC48BF /* NetTaskFactory.swift */ = {isa = PBXFileReference; fileEncoding = 4; lastKnownFileType = sourcecode.swift; path = NetTaskFactory.swift; sourceTree = "<group>"; };
		56A232A5248EA62E00AC48BF /* CreateMeetingNetTask.swift */ = {isa = PBXFileReference; fileEncoding = 4; lastKnownFileType = sourcecode.swift; path = CreateMeetingNetTask.swift; sourceTree = "<group>"; };
		56A232A6248EA62E00AC48BF /* CreateMeetingNetTaskFactory.swift */ = {isa = PBXFileReference; fileEncoding = 4; lastKnownFileType = sourcecode.swift; path = CreateMeetingNetTaskFactory.swift; sourceTree = "<group>"; };
		56A232A7248EA62E00AC48BF /* NotificationManager.swift */ = {isa = PBXFileReference; fileEncoding = 4; lastKnownFileType = sourcecode.swift; path = NotificationManager.swift; sourceTree = "<group>"; };
		56A232A9248EA62E00AC48BF /* Place.swift */ = {isa = PBXFileReference; fileEncoding = 4; lastKnownFileType = sourcecode.swift; path = Place.swift; sourceTree = "<group>"; };
		56A232AA248EA62E00AC48BF /* Window.swift */ = {isa = PBXFileReference; fileEncoding = 4; lastKnownFileType = sourcecode.swift; path = Window.swift; sourceTree = "<group>"; };
		56A232AC248EA62E00AC48BF /* PropertyListDecodable.swift */ = {isa = PBXFileReference; fileEncoding = 4; lastKnownFileType = sourcecode.swift; path = PropertyListDecodable.swift; sourceTree = "<group>"; };
		56A232AD248EA62E00AC48BF /* Environment.swift */ = {isa = PBXFileReference; fileEncoding = 4; lastKnownFileType = sourcecode.swift; path = Environment.swift; sourceTree = "<group>"; };
		56A232AF248EA62E00AC48BF /* UserInfo.swift */ = {isa = PBXFileReference; fileEncoding = 4; lastKnownFileType = sourcecode.swift; path = UserInfo.swift; sourceTree = "<group>"; };
		56A232B0248EA62E00AC48BF /* AccountManageable.swift */ = {isa = PBXFileReference; fileEncoding = 4; lastKnownFileType = sourcecode.swift; path = AccountManageable.swift; sourceTree = "<group>"; };
		56A232B1248EA62E00AC48BF /* AccountManager.swift */ = {isa = PBXFileReference; fileEncoding = 4; lastKnownFileType = sourcecode.swift; path = AccountManager.swift; sourceTree = "<group>"; };
		56A232B3248EA62E00AC48BF /* Event.swift */ = {isa = PBXFileReference; fileEncoding = 4; lastKnownFileType = sourcecode.swift; path = Event.swift; sourceTree = "<group>"; };
		56A232CD248EA64300AC48BF /* Date.swift */ = {isa = PBXFileReference; fileEncoding = 4; lastKnownFileType = sourcecode.swift; path = Date.swift; sourceTree = "<group>"; };
		56A232CE248EA64300AC48BF /* NSDictionary.swift */ = {isa = PBXFileReference; fileEncoding = 4; lastKnownFileType = sourcecode.swift; path = NSDictionary.swift; sourceTree = "<group>"; };
		56A232CF248EA64300AC48BF /* UIColor.swift */ = {isa = PBXFileReference; fileEncoding = 4; lastKnownFileType = sourcecode.swift; path = UIColor.swift; sourceTree = "<group>"; };
		56A232D0248EA64300AC48BF /* DateFormatter.swift */ = {isa = PBXFileReference; fileEncoding = 4; lastKnownFileType = sourcecode.swift; path = DateFormatter.swift; sourceTree = "<group>"; };
		56A232D1248EA64300AC48BF /* Color.swift */ = {isa = PBXFileReference; fileEncoding = 4; lastKnownFileType = sourcecode.swift; path = Color.swift; sourceTree = "<group>"; };
		56A232D9248EAC5A00AC48BF /* MapView.swift */ = {isa = PBXFileReference; lastKnownFileType = sourcecode.swift; path = MapView.swift; sourceTree = "<group>"; };
		56A232DC248FAFFE00AC48BF /* WindowRowView.swift */ = {isa = PBXFileReference; lastKnownFileType = sourcecode.swift; path = WindowRowView.swift; sourceTree = "<group>"; };
		56A232DE248FC8D300AC48BF /* URLRequest.swift */ = {isa = PBXFileReference; lastKnownFileType = sourcecode.swift; path = URLRequest.swift; sourceTree = "<group>"; };
		56C4A74C245482200026FC1A /* Podfile */ = {isa = PBXFileReference; fileEncoding = 4; lastKnownFileType = text; path = Podfile; sourceTree = "<group>"; };
/* End PBXFileReference section */

/* Begin PBXFrameworksBuildPhase section */
		426DEF3624475EB50048EF49 /* Frameworks */ = {
			isa = PBXFrameworksBuildPhase;
			buildActionMask = 2147483647;
			files = (
				6658EB91F553E6E0E9C04332 /* Pods_Steve.framework in Frameworks */,
			);
			runOnlyForDeploymentPostprocessing = 0;
		};
/* End PBXFrameworksBuildPhase section */

/* Begin PBXGroup section */
		4215FFE32454C8D8009C5336 /* ViewControllers */ = {
			isa = PBXGroup;
			children = (
				5633336D2455070500CB72A1 /* Login */,
			);
			path = ViewControllers;
			sourceTree = "<group>";
		};
		426DEF3024475EB50048EF49 = {
			isa = PBXGroup;
			children = (
				56C4A74C245482200026FC1A /* Podfile */,
				426DEF3B24475EB50048EF49 /* Steve */,
				426DEF3A24475EB50048EF49 /* Products */,
				6B2CCCB2E2068128F3B15319 /* Pods */,
				D0261AAF3E7A72849D61FA91 /* Frameworks */,
			);
			sourceTree = "<group>";
		};
		426DEF3A24475EB50048EF49 /* Products */ = {
			isa = PBXGroup;
			children = (
				426DEF3924475EB50048EF49 /* Steve.app */,
			);
			name = Products;
			sourceTree = "<group>";
		};
		426DEF3B24475EB50048EF49 /* Steve */ = {
			isa = PBXGroup;
			children = (
				56A232CC248EA64300AC48BF /* Extensions */,
				56A2328E248EA62E00AC48BF /* Model */,
				5664DF88245993F000797E30 /* Dependencies */,
				4215FFE32454C8D8009C5336 /* ViewControllers */,
				56A23272248EA60B00AC48BF /* ViewModels */,
				56A2325F248EA60B00AC48BF /* Views */,
				56CD65F62454425E003CC631 /* Assets */,
				4286273C2447633E00534988 /* SupportingFiles */,
				426DEF3C24475EB50048EF49 /* AppDelegate.swift */,
				426DEF3E24475EB50048EF49 /* SceneDelegate.swift */,
				426DEF4724475EBB0048EF49 /* LaunchScreen.storyboard */,
			);
			path = Steve;
			sourceTree = "<group>";
		};
		4286273C2447633E00534988 /* SupportingFiles */ = {
			isa = PBXGroup;
			children = (
				4286273F244778E800534988 /* Steve.entitlements */,
				426DEF4A24475EBB0048EF49 /* Info.plist */,
				4286273D2447637700534988 /* GoogleService-Info.plist */,
			);
			path = SupportingFiles;
			sourceTree = "<group>";
		};
		5633336D2455070500CB72A1 /* Login */ = {
			isa = PBXGroup;
			children = (
				4215FFE52454C901009C5336 /* LoginViewController.swift */,
				5633336E2455072A00CB72A1 /* LoginPresenter.swift */,
			);
			path = Login;
			sourceTree = "<group>";
		};
		5664DF88245993F000797E30 /* Dependencies */ = {
			isa = PBXGroup;
			children = (
				5664DF8B2459940400797E30 /* Assemblies */,
				5664DF89245993F800797E30 /* Assembler.swift */,
			);
			path = Dependencies;
			sourceTree = "<group>";
		};
		5664DF8B2459940400797E30 /* Assemblies */ = {
			isa = PBXGroup;
			children = (
				5664DF8C2459941900797E30 /* EnvironmentAssembly.swift */,
				5664DF8E2459984900797E30 /* LocationAssembly.swift */,
				5664DF902459988A00797E30 /* AccountAssembly.swift */,
				567157552465EA3200C9BC0D /* NetworkAssembly.swift */,
			);
			path = Assemblies;
			sourceTree = "<group>";
		};
		56A2325F248EA60B00AC48BF /* Views */ = {
			isa = PBXGroup;
			children = (
				56A23260248EA60B00AC48BF /* CurrentLocationView.swift */,
				56A23261248EA60B00AC48BF /* EventsList */,
				56A23264248EA60B00AC48BF /* Generic */,
				56A2326A248EA60B00AC48BF /* MainView.swift */,
				56A2326B248EA60B00AC48BF /* Account */,
				56A2326E248EA60B00AC48BF /* EventCreator */,
			);
			path = Views;
			sourceTree = "<group>";
		};
		56A23261248EA60B00AC48BF /* EventsList */ = {
			isa = PBXGroup;
			children = (
				56A23262248EA60B00AC48BF /* EventsRow.swift */,
				56A23263248EA60B00AC48BF /* EventsView.swift */,
			);
			path = EventsList;
			sourceTree = "<group>";
		};
		56A23264248EA60B00AC48BF /* Generic */ = {
			isa = PBXGroup;
			children = (
				56A23265248EA60B00AC48BF /* MultiselectView */,
				56A23269248EA60B00AC48BF /* RemoteImage.swift */,
				56A232D9248EAC5A00AC48BF /* MapView.swift */,
			);
			path = Generic;
			sourceTree = "<group>";
		};
		56A23265248EA60B00AC48BF /* MultiselectView */ = {
			isa = PBXGroup;
			children = (
				56A23266248EA60B00AC48BF /* MultiselectView.swift */,
				56A23267248EA60B00AC48BF /* Extensions.swift */,
				56A23268248EA60B00AC48BF /* Selectable.swift */,
			);
			path = MultiselectView;
			sourceTree = "<group>";
		};
		56A2326B248EA60B00AC48BF /* Account */ = {
			isa = PBXGroup;
			children = (
				56A2326C248EA60B00AC48BF /* UserDetailsView.swift */,
				56A2326D248EA60B00AC48BF /* AccountView.swift */,
			);
			path = Account;
			sourceTree = "<group>";
		};
		56A2326E248EA60B00AC48BF /* EventCreator */ = {
			isa = PBXGroup;
			children = (
				56A232DB248FAFE300AC48BF /* WindowSelection */,
				56A2326F248EA60B00AC48BF /* AdjustWindowView.swift */,
				56A23271248EA60B00AC48BF /* SelectParticipantsView.swift */,
			);
			path = EventCreator;
			sourceTree = "<group>";
		};
		56A23272248EA60B00AC48BF /* ViewModels */ = {
			isa = PBXGroup;
			children = (
				56A23273248EA60B00AC48BF /* SelectWindowViewModel.swift */,
				56A23274248EA60B00AC48BF /* AdjustWindowViewModel.swift */,
				56A23275248EA60B00AC48BF /* UserDetailsViewModel.swift */,
				56A23276248EA60B00AC48BF /* AccountViewModel.swift */,
				56A23277248EA60B00AC48BF /* CurrentLocationViewModel.swift */,
				56A23278248EA60B00AC48BF /* SelectParticipantsViewModel.swift */,
				56A23279248EA60B00AC48BF /* EventsListViewModel.swift */,
			);
			path = ViewModels;
			sourceTree = "<group>";
		};
		56A2328E248EA62E00AC48BF /* Model */ = {
			isa = PBXGroup;
			children = (
				56A2328F248EA62E00AC48BF /* Location */,
				56A23292248EA62E00AC48BF /* Network */,
				56A232A7248EA62E00AC48BF /* NotificationManager.swift */,
				56A232A8248EA62E00AC48BF /* Meeting */,
				56A232AB248EA62E00AC48BF /* Environment */,
				56A232AE248EA62E00AC48BF /* Account */,
				56A232B2248EA62E00AC48BF /* Events */,
			);
			path = Model;
			sourceTree = "<group>";
		};
		56A2328F248EA62E00AC48BF /* Location */ = {
			isa = PBXGroup;
			children = (
				56A23290248EA62E00AC48BF /* LocationUploader.swift */,
				56A23291248EA62E00AC48BF /* Localizer.swift */,
			);
			path = Location;
			sourceTree = "<group>";
		};
		56A23292248EA62E00AC48BF /* Network */ = {
			isa = PBXGroup;
			children = (
				56A23293248EA62E00AC48BF /* FetchContacts */,
				56A23296248EA62E00AC48BF /* FetchEvents */,
				56A23298248EA62E00AC48BF /* MeetingPoint */,
				56A2329B248EA62E00AC48BF /* SendAuthentication */,
				56A2329E248EA62E00AC48BF /* ProposeMeetingDate */,
				56A232A1248EA62E00AC48BF /* Protocols */,
				56A232A4248EA62E00AC48BF /* CreateMeeting */,
			);
			path = Network;
			sourceTree = "<group>";
		};
		56A23293248EA62E00AC48BF /* FetchContacts */ = {
			isa = PBXGroup;
			children = (
				56A23294248EA62E00AC48BF /* FetchContactsNetTask.swift */,
				56A23295248EA62E00AC48BF /* FetchContactsNetTaskFactory.swift */,
			);
			path = FetchContacts;
			sourceTree = "<group>";
		};
		56A23296248EA62E00AC48BF /* FetchEvents */ = {
			isa = PBXGroup;
			children = (
				56A23297248EA62E00AC48BF /* FetchEventsNetTask.swift */,
			);
			path = FetchEvents;
			sourceTree = "<group>";
		};
		56A23298248EA62E00AC48BF /* MeetingPoint */ = {
			isa = PBXGroup;
			children = (
				56A23299248EA62E00AC48BF /* MeetingPointNetTaskFactory.swift */,
				56A2329A248EA62E00AC48BF /* MeetingPointNetTask.swift */,
			);
			path = MeetingPoint;
			sourceTree = "<group>";
		};
		56A2329B248EA62E00AC48BF /* SendAuthentication */ = {
			isa = PBXGroup;
			children = (
				56A2329C248EA62E00AC48BF /* SendAuthenticationCodeNetTask.swift */,
				56A2329D248EA62E00AC48BF /* SendAuthenticationCodeNetTaskFactory.swift */,
			);
			path = SendAuthentication;
			sourceTree = "<group>";
		};
		56A2329E248EA62E00AC48BF /* ProposeMeetingDate */ = {
			isa = PBXGroup;
			children = (
				56A2329F248EA62E00AC48BF /* ProposeMeetingDateNetTask.swift */,
				56A232A0248EA62E00AC48BF /* ProposeMeetingDateNetTaskFactory.swift */,
			);
			path = ProposeMeetingDate;
			sourceTree = "<group>";
		};
		56A232A1248EA62E00AC48BF /* Protocols */ = {
			isa = PBXGroup;
			children = (
				56A232A2248EA62E00AC48BF /* NetTask.swift */,
				56A232A3248EA62E00AC48BF /* NetTaskFactory.swift */,
			);
			path = Protocols;
			sourceTree = "<group>";
		};
		56A232A4248EA62E00AC48BF /* CreateMeeting */ = {
			isa = PBXGroup;
			children = (
				56A232A5248EA62E00AC48BF /* CreateMeetingNetTask.swift */,
				56A232A6248EA62E00AC48BF /* CreateMeetingNetTaskFactory.swift */,
			);
			path = CreateMeeting;
			sourceTree = "<group>";
		};
		56A232A8248EA62E00AC48BF /* Meeting */ = {
			isa = PBXGroup;
			children = (
				56A232A9248EA62E00AC48BF /* Place.swift */,
				56A232AA248EA62E00AC48BF /* Window.swift */,
			);
			path = Meeting;
			sourceTree = "<group>";
		};
		56A232AB248EA62E00AC48BF /* Environment */ = {
			isa = PBXGroup;
			children = (
				56A232AC248EA62E00AC48BF /* PropertyListDecodable.swift */,
				56A232AD248EA62E00AC48BF /* Environment.swift */,
			);
			path = Environment;
			sourceTree = "<group>";
		};
		56A232AE248EA62E00AC48BF /* Account */ = {
			isa = PBXGroup;
			children = (
				56A232AF248EA62E00AC48BF /* UserInfo.swift */,
				56A232B0248EA62E00AC48BF /* AccountManageable.swift */,
				56A232B1248EA62E00AC48BF /* AccountManager.swift */,
			);
			path = Account;
			sourceTree = "<group>";
		};
		56A232B2248EA62E00AC48BF /* Events */ = {
			isa = PBXGroup;
			children = (
				56A232B3248EA62E00AC48BF /* Event.swift */,
			);
			path = Events;
			sourceTree = "<group>";
		};
		56A232CC248EA64300AC48BF /* Extensions */ = {
			isa = PBXGroup;
			children = (
				56A232CD248EA64300AC48BF /* Date.swift */,
				56A232CE248EA64300AC48BF /* NSDictionary.swift */,
				56A232CF248EA64300AC48BF /* UIColor.swift */,
				56A232D0248EA64300AC48BF /* DateFormatter.swift */,
				56A232D1248EA64300AC48BF /* Color.swift */,
				56A232DE248FC8D300AC48BF /* URLRequest.swift */,
			);
			path = Extensions;
			sourceTree = "<group>";
		};
		56A232DB248FAFE300AC48BF /* WindowSelection */ = {
			isa = PBXGroup;
			children = (
				56A23270248EA60B00AC48BF /* SelectWindowView.swift */,
				56A232DC248FAFFE00AC48BF /* WindowRowView.swift */,
			);
			path = WindowSelection;
			sourceTree = "<group>";
		};
		56CD65F62454425E003CC631 /* Assets */ = {
			isa = PBXGroup;
			children = (
				426DEF4524475EBB0048EF49 /* Preview Assets.xcassets */,
				426DEF4224475EBB0048EF49 /* Assets.xcassets */,
			);
			path = Assets;
			sourceTree = "<group>";
		};
		6B2CCCB2E2068128F3B15319 /* Pods */ = {
			isa = PBXGroup;
			children = (
				55E88DE4097AA4747BBDE861 /* Pods-Steve.debug.xcconfig */,
				1926E473CE4BA6F5B8D57D5D /* Pods-Steve.release.xcconfig */,
			);
			path = Pods;
			sourceTree = "<group>";
		};
		D0261AAF3E7A72849D61FA91 /* Frameworks */ = {
			isa = PBXGroup;
			children = (
				3FCDB43A5AA773581747E6A2 /* Pods_Steve.framework */,
			);
			name = Frameworks;
			sourceTree = "<group>";
		};
/* End PBXGroup section */

/* Begin PBXNativeTarget section */
		426DEF3824475EB50048EF49 /* Steve */ = {
			isa = PBXNativeTarget;
			buildConfigurationList = 426DEF4D24475EBB0048EF49 /* Build configuration list for PBXNativeTarget "Steve" */;
			buildPhases = (
				717048337F1638563D8C5114 /* [CP] Check Pods Manifest.lock */,
				426DEF3524475EB50048EF49 /* Sources */,
				426DEF3624475EB50048EF49 /* Frameworks */,
				426DEF3724475EB50048EF49 /* Resources */,
				F52D9D9A7240A010F092404D /* [CP] Embed Pods Frameworks */,
				371C6FDEAB847CD3631E1762 /* [CP] Copy Pods Resources */,
			);
			buildRules = (
			);
			dependencies = (
			);
			name = Steve;
			productName = Steve;
			productReference = 426DEF3924475EB50048EF49 /* Steve.app */;
			productType = "com.apple.product-type.application";
		};
/* End PBXNativeTarget section */

/* Begin PBXProject section */
		426DEF3124475EB50048EF49 /* Project object */ = {
			isa = PBXProject;
			attributes = {
				LastSwiftUpdateCheck = 1130;
				LastUpgradeCheck = 1130;
				ORGANIZATIONNAME = Th3re;
				TargetAttributes = {
					426DEF3824475EB50048EF49 = {
						CreatedOnToolsVersion = 11.3.1;
					};
				};
			};
			buildConfigurationList = 426DEF3424475EB50048EF49 /* Build configuration list for PBXProject "Steve" */;
			compatibilityVersion = "Xcode 9.3";
			developmentRegion = en;
			hasScannedForEncodings = 0;
			knownRegions = (
				en,
				Base,
			);
			mainGroup = 426DEF3024475EB50048EF49;
			productRefGroup = 426DEF3A24475EB50048EF49 /* Products */;
			projectDirPath = "";
			projectRoot = "";
			targets = (
				426DEF3824475EB50048EF49 /* Steve */,
			);
		};
/* End PBXProject section */

/* Begin PBXResourcesBuildPhase section */
		426DEF3724475EB50048EF49 /* Resources */ = {
			isa = PBXResourcesBuildPhase;
			buildActionMask = 2147483647;
			files = (
				56C4A74D245482200026FC1A /* Podfile in Resources */,
				426DEF4924475EBB0048EF49 /* LaunchScreen.storyboard in Resources */,
				4286273E2447637700534988 /* GoogleService-Info.plist in Resources */,
				426DEF4624475EBB0048EF49 /* Preview Assets.xcassets in Resources */,
				426DEF4324475EBB0048EF49 /* Assets.xcassets in Resources */,
			);
			runOnlyForDeploymentPostprocessing = 0;
		};
/* End PBXResourcesBuildPhase section */

/* Begin PBXShellScriptBuildPhase section */
		371C6FDEAB847CD3631E1762 /* [CP] Copy Pods Resources */ = {
			isa = PBXShellScriptBuildPhase;
			buildActionMask = 2147483647;
			files = (
			);
			inputFileListPaths = (
				"${PODS_ROOT}/Target Support Files/Pods-Steve/Pods-Steve-resources-${CONFIGURATION}-input-files.xcfilelist",
			);
			name = "[CP] Copy Pods Resources";
			outputFileListPaths = (
				"${PODS_ROOT}/Target Support Files/Pods-Steve/Pods-Steve-resources-${CONFIGURATION}-output-files.xcfilelist",
			);
			runOnlyForDeploymentPostprocessing = 0;
			shellPath = /bin/sh;
			shellScript = "\"${PODS_ROOT}/Target Support Files/Pods-Steve/Pods-Steve-resources.sh\"\n";
			showEnvVarsInLog = 0;
		};
		717048337F1638563D8C5114 /* [CP] Check Pods Manifest.lock */ = {
			isa = PBXShellScriptBuildPhase;
			buildActionMask = 2147483647;
			files = (
			);
			inputFileListPaths = (
			);
			inputPaths = (
				"${PODS_PODFILE_DIR_PATH}/Podfile.lock",
				"${PODS_ROOT}/Manifest.lock",
			);
			name = "[CP] Check Pods Manifest.lock";
			outputFileListPaths = (
			);
			outputPaths = (
				"$(DERIVED_FILE_DIR)/Pods-Steve-checkManifestLockResult.txt",
			);
			runOnlyForDeploymentPostprocessing = 0;
			shellPath = /bin/sh;
			shellScript = "diff \"${PODS_PODFILE_DIR_PATH}/Podfile.lock\" \"${PODS_ROOT}/Manifest.lock\" > /dev/null\nif [ $? != 0 ] ; then\n    # print error to STDERR\n    echo \"error: The sandbox is not in sync with the Podfile.lock. Run 'pod install' or update your CocoaPods installation.\" >&2\n    exit 1\nfi\n# This output is used by Xcode 'outputs' to avoid re-running this script phase.\necho \"SUCCESS\" > \"${SCRIPT_OUTPUT_FILE_0}\"\n";
			showEnvVarsInLog = 0;
		};
		F52D9D9A7240A010F092404D /* [CP] Embed Pods Frameworks */ = {
			isa = PBXShellScriptBuildPhase;
			buildActionMask = 2147483647;
			files = (
			);
			inputFileListPaths = (
				"${PODS_ROOT}/Target Support Files/Pods-Steve/Pods-Steve-frameworks-${CONFIGURATION}-input-files.xcfilelist",
			);
			name = "[CP] Embed Pods Frameworks";
			outputFileListPaths = (
				"${PODS_ROOT}/Target Support Files/Pods-Steve/Pods-Steve-frameworks-${CONFIGURATION}-output-files.xcfilelist",
			);
			runOnlyForDeploymentPostprocessing = 0;
			shellPath = /bin/sh;
			shellScript = "\"${PODS_ROOT}/Target Support Files/Pods-Steve/Pods-Steve-frameworks.sh\"\n";
			showEnvVarsInLog = 0;
		};
/* End PBXShellScriptBuildPhase section */

/* Begin PBXSourcesBuildPhase section */
		426DEF3524475EB50048EF49 /* Sources */ = {
			isa = PBXSourcesBuildPhase;
			buildActionMask = 2147483647;
			files = (
				56A232C1248EA62E00AC48BF /* CreateMeetingNetTask.swift in Sources */,
				56A232C5248EA62E00AC48BF /* Window.swift in Sources */,
				56A23281248EA60B00AC48BF /* MainView.swift in Sources */,
				56A232B7248EA62E00AC48BF /* FetchContactsNetTaskFactory.swift in Sources */,
				56A232BA248EA62E00AC48BF /* MeetingPointNetTask.swift in Sources */,
				426DEF3D24475EB50048EF49 /* AppDelegate.swift in Sources */,
				56A232C4248EA62E00AC48BF /* Place.swift in Sources */,
				56A2328D248EA60B00AC48BF /* EventsListViewModel.swift in Sources */,
				56A232C3248EA62E00AC48BF /* NotificationManager.swift in Sources */,
				56A23283248EA60B00AC48BF /* AccountView.swift in Sources */,
				5664DF912459988A00797E30 /* AccountAssembly.swift in Sources */,
				426DEF3F24475EB50048EF49 /* SceneDelegate.swift in Sources */,
				56A23285248EA60B00AC48BF /* SelectWindowView.swift in Sources */,
				56A2327B248EA60B00AC48BF /* EventsRow.swift in Sources */,
				5633336F2455072A00CB72A1 /* LoginPresenter.swift in Sources */,
				4215FFE62454C901009C5336 /* LoginViewController.swift in Sources */,
				56A232BD248EA62E00AC48BF /* ProposeMeetingDateNetTask.swift in Sources */,
				56A232D6248EA64300AC48BF /* Color.swift in Sources */,
				56A2327F248EA60B00AC48BF /* Selectable.swift in Sources */,
				56A23284248EA60B00AC48BF /* AdjustWindowView.swift in Sources */,
				56A232C0248EA62E00AC48BF /* NetTaskFactory.swift in Sources */,
				56A232C7248EA62E00AC48BF /* Environment.swift in Sources */,
				5664DF8A245993F800797E30 /* Assembler.swift in Sources */,
				56A232B5248EA62E00AC48BF /* Localizer.swift in Sources */,
				56A23287248EA60B00AC48BF /* SelectWindowViewModel.swift in Sources */,
				56A232D5248EA64300AC48BF /* DateFormatter.swift in Sources */,
				5664DF8D2459941900797E30 /* EnvironmentAssembly.swift in Sources */,
				56A232D2248EA64300AC48BF /* Date.swift in Sources */,
				56A232B8248EA62E00AC48BF /* FetchEventsNetTask.swift in Sources */,
				56A2327D248EA60B00AC48BF /* MultiselectView.swift in Sources */,
				56A232C2248EA62E00AC48BF /* CreateMeetingNetTaskFactory.swift in Sources */,
				56A232D4248EA64300AC48BF /* UIColor.swift in Sources */,
				56A232C6248EA62E00AC48BF /* PropertyListDecodable.swift in Sources */,
				56A23280248EA60B00AC48BF /* RemoteImage.swift in Sources */,
				56A232B9248EA62E00AC48BF /* MeetingPointNetTaskFactory.swift in Sources */,
				56A2328B248EA60B00AC48BF /* CurrentLocationViewModel.swift in Sources */,
				56A232DA248EAC5A00AC48BF /* MapView.swift in Sources */,
				56A232BE248EA62E00AC48BF /* ProposeMeetingDateNetTaskFactory.swift in Sources */,
				56A232B4248EA62E00AC48BF /* LocationUploader.swift in Sources */,
				56A23289248EA60B00AC48BF /* UserDetailsViewModel.swift in Sources */,
				56A232DF248FC8D300AC48BF /* URLRequest.swift in Sources */,
				56A2327C248EA60B00AC48BF /* EventsView.swift in Sources */,
				56A232C9248EA62E00AC48BF /* AccountManageable.swift in Sources */,
				56A232BF248EA62E00AC48BF /* NetTask.swift in Sources */,
				56A232CB248EA62E00AC48BF /* Event.swift in Sources */,
				56A2328C248EA60B00AC48BF /* SelectParticipantsViewModel.swift in Sources */,
				56A23288248EA60B00AC48BF /* AdjustWindowViewModel.swift in Sources */,
				56A2327E248EA60B00AC48BF /* Extensions.swift in Sources */,
				56A232D3248EA64300AC48BF /* NSDictionary.swift in Sources */,
				56A23286248EA60B00AC48BF /* SelectParticipantsView.swift in Sources */,
				56A232CA248EA62E00AC48BF /* AccountManager.swift in Sources */,
				56A232C8248EA62E00AC48BF /* UserInfo.swift in Sources */,
				5664DF8F2459984900797E30 /* LocationAssembly.swift in Sources */,
				56A23282248EA60B00AC48BF /* UserDetailsView.swift in Sources */,
				56A232DD248FAFFE00AC48BF /* WindowRowView.swift in Sources */,
				567157562465EA3200C9BC0D /* NetworkAssembly.swift in Sources */,
				56A2328A248EA60B00AC48BF /* AccountViewModel.swift in Sources */,
				56A232BC248EA62E00AC48BF /* SendAuthenticationCodeNetTaskFactory.swift in Sources */,
				56A232BB248EA62E00AC48BF /* SendAuthenticationCodeNetTask.swift in Sources */,
				56A232B6248EA62E00AC48BF /* FetchContactsNetTask.swift in Sources */,
				56A2327A248EA60B00AC48BF /* CurrentLocationView.swift in Sources */,
			);
			runOnlyForDeploymentPostprocessing = 0;
		};
/* End PBXSourcesBuildPhase section */

/* Begin PBXVariantGroup section */
		426DEF4724475EBB0048EF49 /* LaunchScreen.storyboard */ = {
			isa = PBXVariantGroup;
			children = (
				426DEF4824475EBB0048EF49 /* Base */,
			);
			name = LaunchScreen.storyboard;
			sourceTree = "<group>";
		};
/* End PBXVariantGroup section */

/* Begin XCBuildConfiguration section */
		426DEF4B24475EBB0048EF49 /* Debug */ = {
			isa = XCBuildConfiguration;
			buildSettings = {
				ALWAYS_SEARCH_USER_PATHS = NO;
				CLANG_ANALYZER_NONNULL = YES;
				CLANG_ANALYZER_NUMBER_OBJECT_CONVERSION = YES_AGGRESSIVE;
				CLANG_CXX_LANGUAGE_STANDARD = "gnu++14";
				CLANG_CXX_LIBRARY = "libc++";
				CLANG_ENABLE_MODULES = YES;
				CLANG_ENABLE_OBJC_ARC = YES;
				CLANG_ENABLE_OBJC_WEAK = YES;
				CLANG_WARN_BLOCK_CAPTURE_AUTORELEASING = YES;
				CLANG_WARN_BOOL_CONVERSION = YES;
				CLANG_WARN_COMMA = YES;
				CLANG_WARN_CONSTANT_CONVERSION = YES;
				CLANG_WARN_DEPRECATED_OBJC_IMPLEMENTATIONS = YES;
				CLANG_WARN_DIRECT_OBJC_ISA_USAGE = YES_ERROR;
				CLANG_WARN_DOCUMENTATION_COMMENTS = YES;
				CLANG_WARN_EMPTY_BODY = YES;
				CLANG_WARN_ENUM_CONVERSION = YES;
				CLANG_WARN_INFINITE_RECURSION = YES;
				CLANG_WARN_INT_CONVERSION = YES;
				CLANG_WARN_NON_LITERAL_NULL_CONVERSION = YES;
				CLANG_WARN_OBJC_IMPLICIT_RETAIN_SELF = YES;
				CLANG_WARN_OBJC_LITERAL_CONVERSION = YES;
				CLANG_WARN_OBJC_ROOT_CLASS = YES_ERROR;
				CLANG_WARN_RANGE_LOOP_ANALYSIS = YES;
				CLANG_WARN_STRICT_PROTOTYPES = YES;
				CLANG_WARN_SUSPICIOUS_MOVE = YES;
				CLANG_WARN_UNGUARDED_AVAILABILITY = YES_AGGRESSIVE;
				CLANG_WARN_UNREACHABLE_CODE = YES;
				CLANG_WARN__DUPLICATE_METHOD_MATCH = YES;
				COPY_PHASE_STRIP = NO;
				DEBUG_INFORMATION_FORMAT = dwarf;
				ENABLE_STRICT_OBJC_MSGSEND = YES;
				ENABLE_TESTABILITY = YES;
				GCC_C_LANGUAGE_STANDARD = gnu11;
				GCC_DYNAMIC_NO_PIC = NO;
				GCC_NO_COMMON_BLOCKS = YES;
				GCC_OPTIMIZATION_LEVEL = 0;
				GCC_PREPROCESSOR_DEFINITIONS = (
					"DEBUG=1",
					"$(inherited)",
				);
				GCC_WARN_64_TO_32_BIT_CONVERSION = YES;
				GCC_WARN_ABOUT_RETURN_TYPE = YES_ERROR;
				GCC_WARN_UNDECLARED_SELECTOR = YES;
				GCC_WARN_UNINITIALIZED_AUTOS = YES_AGGRESSIVE;
				GCC_WARN_UNUSED_FUNCTION = YES;
				GCC_WARN_UNUSED_VARIABLE = YES;
				IPHONEOS_DEPLOYMENT_TARGET = 13.0;
				MTL_ENABLE_DEBUG_INFO = INCLUDE_SOURCE;
				MTL_FAST_MATH = YES;
				ONLY_ACTIVE_ARCH = YES;
				SDKROOT = iphoneos;
				SWIFT_ACTIVE_COMPILATION_CONDITIONS = DEBUG;
				SWIFT_OPTIMIZATION_LEVEL = "-Onone";
				SWIFT_VERSION = 5.0;
			};
			name = Debug;
		};
		426DEF4C24475EBB0048EF49 /* Release */ = {
			isa = XCBuildConfiguration;
			buildSettings = {
				ALWAYS_SEARCH_USER_PATHS = NO;
				CLANG_ANALYZER_NONNULL = YES;
				CLANG_ANALYZER_NUMBER_OBJECT_CONVERSION = YES_AGGRESSIVE;
				CLANG_CXX_LANGUAGE_STANDARD = "gnu++14";
				CLANG_CXX_LIBRARY = "libc++";
				CLANG_ENABLE_MODULES = YES;
				CLANG_ENABLE_OBJC_ARC = YES;
				CLANG_ENABLE_OBJC_WEAK = YES;
				CLANG_WARN_BLOCK_CAPTURE_AUTORELEASING = YES;
				CLANG_WARN_BOOL_CONVERSION = YES;
				CLANG_WARN_COMMA = YES;
				CLANG_WARN_CONSTANT_CONVERSION = YES;
				CLANG_WARN_DEPRECATED_OBJC_IMPLEMENTATIONS = YES;
				CLANG_WARN_DIRECT_OBJC_ISA_USAGE = YES_ERROR;
				CLANG_WARN_DOCUMENTATION_COMMENTS = YES;
				CLANG_WARN_EMPTY_BODY = YES;
				CLANG_WARN_ENUM_CONVERSION = YES;
				CLANG_WARN_INFINITE_RECURSION = YES;
				CLANG_WARN_INT_CONVERSION = YES;
				CLANG_WARN_NON_LITERAL_NULL_CONVERSION = YES;
				CLANG_WARN_OBJC_IMPLICIT_RETAIN_SELF = YES;
				CLANG_WARN_OBJC_LITERAL_CONVERSION = YES;
				CLANG_WARN_OBJC_ROOT_CLASS = YES_ERROR;
				CLANG_WARN_RANGE_LOOP_ANALYSIS = YES;
				CLANG_WARN_STRICT_PROTOTYPES = YES;
				CLANG_WARN_SUSPICIOUS_MOVE = YES;
				CLANG_WARN_UNGUARDED_AVAILABILITY = YES_AGGRESSIVE;
				CLANG_WARN_UNREACHABLE_CODE = YES;
				CLANG_WARN__DUPLICATE_METHOD_MATCH = YES;
				COPY_PHASE_STRIP = NO;
				DEBUG_INFORMATION_FORMAT = "dwarf-with-dsym";
				ENABLE_NS_ASSERTIONS = NO;
				ENABLE_STRICT_OBJC_MSGSEND = YES;
				GCC_C_LANGUAGE_STANDARD = gnu11;
				GCC_NO_COMMON_BLOCKS = YES;
				GCC_WARN_64_TO_32_BIT_CONVERSION = YES;
				GCC_WARN_ABOUT_RETURN_TYPE = YES_ERROR;
				GCC_WARN_UNDECLARED_SELECTOR = YES;
				GCC_WARN_UNINITIALIZED_AUTOS = YES_AGGRESSIVE;
				GCC_WARN_UNUSED_FUNCTION = YES;
				GCC_WARN_UNUSED_VARIABLE = YES;
				IPHONEOS_DEPLOYMENT_TARGET = 13.0;
				MTL_ENABLE_DEBUG_INFO = NO;
				MTL_FAST_MATH = YES;
				SDKROOT = iphoneos;
				SWIFT_COMPILATION_MODE = wholemodule;
				SWIFT_OPTIMIZATION_LEVEL = "-O";
				SWIFT_VERSION = 5.0;
				VALIDATE_PRODUCT = YES;
			};
			name = Release;
		};
		426DEF4E24475EBB0048EF49 /* Debug */ = {
			isa = XCBuildConfiguration;
			baseConfigurationReference = 55E88DE4097AA4747BBDE861 /* Pods-Steve.debug.xcconfig */;
			buildSettings = {
				ASSETCATALOG_COMPILER_APPICON_NAME = AppIcon;
				CODE_SIGN_ENTITLEMENTS = Steve/SupportingFiles/Steve.entitlements;
				CODE_SIGN_IDENTITY = "iPhone Developer";
				CODE_SIGN_STYLE = Manual;
				DEVELOPMENT_ASSET_PATHS = "Steve/Assets/Preview\\ Assets.xcassets";
				DEVELOPMENT_TEAM = 6QXDZG78JS;
				ENABLE_PREVIEWS = YES;
				INFOPLIST_FILE = Steve/SupportingFiles/Info.plist;
				IPHONEOS_DEPLOYMENT_TARGET = 13.2;
				LD_RUNPATH_SEARCH_PATHS = (
					"$(inherited)",
					"@executable_path/Frameworks",
				);
				PRODUCT_BUNDLE_IDENTIFIER = com.th3re.steve;
				PRODUCT_NAME = "$(TARGET_NAME)";
				PROVISIONING_PROFILE_SPECIFIER = Steve;
				TARGETED_DEVICE_FAMILY = "1,2";
			};
			name = Debug;
		};
		426DEF4F24475EBB0048EF49 /* Release */ = {
			isa = XCBuildConfiguration;
			baseConfigurationReference = 1926E473CE4BA6F5B8D57D5D /* Pods-Steve.release.xcconfig */;
			buildSettings = {
				ASSETCATALOG_COMPILER_APPICON_NAME = AppIcon;
				CODE_SIGN_ENTITLEMENTS = Steve/SupportingFiles/Steve.entitlements;
				CODE_SIGN_IDENTITY = "iPhone Developer";
				CODE_SIGN_STYLE = Manual;
				DEVELOPMENT_ASSET_PATHS = "Steve/Assets/Preview\\ Assets.xcassets";
				DEVELOPMENT_TEAM = 6QXDZG78JS;
				ENABLE_PREVIEWS = YES;
				INFOPLIST_FILE = Steve/SupportingFiles/Info.plist;
				IPHONEOS_DEPLOYMENT_TARGET = 13.2;
				LD_RUNPATH_SEARCH_PATHS = (
					"$(inherited)",
					"@executable_path/Frameworks",
				);
				PRODUCT_BUNDLE_IDENTIFIER = com.th3re.steve;
				PRODUCT_NAME = "$(TARGET_NAME)";
				PROVISIONING_PROFILE_SPECIFIER = Steve;
				TARGETED_DEVICE_FAMILY = "1,2";
			};
			name = Release;
		};
/* End XCBuildConfiguration section */

/* Begin XCConfigurationList section */
		426DEF3424475EB50048EF49 /* Build configuration list for PBXProject "Steve" */ = {
			isa = XCConfigurationList;
			buildConfigurations = (
				426DEF4B24475EBB0048EF49 /* Debug */,
				426DEF4C24475EBB0048EF49 /* Release */,
			);
			defaultConfigurationIsVisible = 0;
			defaultConfigurationName = Release;
		};
		426DEF4D24475EBB0048EF49 /* Build configuration list for PBXNativeTarget "Steve" */ = {
			isa = XCConfigurationList;
			buildConfigurations = (
				426DEF4E24475EBB0048EF49 /* Debug */,
				426DEF4F24475EBB0048EF49 /* Release */,
			);
			defaultConfigurationIsVisible = 0;
			defaultConfigurationName = Release;
		};
/* End XCConfigurationList section */
	};
	rootObject = 426DEF3124475EB50048EF49 /* Project object */;
}
